
Microsoft Visual Studio Solution File, Format Version 11.00
# Visual Studio 2010
Project("{F184B08F-C81C-45F6-A57F-5ABD9991F28F}") = "MSVistaPBar", "MSVistaPBar\MSVistaPBar.vbproj", "{F804ED67-BD00-44EB-9FEC-126E07B63221}"
EndProject
Project("{F184B08F-C81C-45F6-A57F-5ABD9991F28F}") = "MSPBarSample", "MSPBarSample\MSPBarSample.vbproj", "{E9FF16E6-1009-448B-8822-774481E273AF}"
EndProject
Global
	GlobalSection(SolutionConfigurationPlatforms) = preSolution
		Debug|Any CPU = Debug|Any CPU
		Debug|Mixed Platforms = Debug|Mixed Platforms
		Debug|x86 = Debug|x86
		Release|Any CPU = Release|Any CPU
		Release|Mixed Platforms = Release|Mixed Platforms
		Release|x86 = Release|x86
	EndGlobalSection
	GlobalSection(ProjectConfigurationPlatforms) = postSolution
		{F804ED67-BD00-44EB-9FEC-126E07B63221}.Debug|Any CPU.ActiveCfg = Debug|Any CPU
		{F804ED67-BD00-44EB-9FEC-126E07B63221}.Debug|Any CPU.Build.0 = Debug|Any CPU
		{F804ED67-BD00-44EB-9FEC-126E07B63221}.Debug|Mixed Platforms.ActiveCfg = Debug|Any CPU
		{F804ED67-BD00-44EB-9FEC-126E07B63221}.Debug|Mixed Platforms.Build.0 = Debug|Any CPU
		{F804ED67-BD00-44EB-9FEC-126E07B63221}.Debug|x86.ActiveCfg = Debug|Any CPU
		{F804ED67-BD00-44EB-9FEC-126E07B63221}.Release|Any CPU.ActiveCfg = Release|Any CPU
		{F804ED67-BD00-44EB-9FEC-126E07B63221}.Release|Any CPU.Build.0 = Release|Any CPU
		{F804ED67-BD00-44EB-9FEC-126E07B63221}.Release|Mixed Platforms.ActiveCfg = Release|Any CPU
		{F804ED67-BD00-44EB-9FEC-126E07B63221}.Release|Mixed Platforms.Build.0 = Release|Any CPU
		{F804ED67-BD00-44EB-9FEC-126E07B63221}.Release|x86.ActiveCfg = Release|Any CPU
		{E9FF16E6-1009-448B-8822-774481E273AF}.Debug|Any CPU.ActiveCfg = Debug|x86
		{E9FF16E6-1009-448B-8822-774481E273AF}.Debug|Mixed Platforms.ActiveCfg = Debug|x86
		{E9FF16E6-1009-448B-8822-774481E273AF}.Debug|Mixed Platforms.Build.0 = Debug|x86
		{E9FF16E6-1009-448B-8822-774481E273AF}.Debug|x86.ActiveCfg = Debug|x86
		{E9FF16E6-1009-448B-8822-774481E273AF}.Debug|x86.Build.0 = Debug|x86
		{E9FF16E6-1009-448B-8822-774481E273AF}.Release|Any CPU.ActiveCfg = Release|x86
		{E9FF16E6-1009-448B-8822-774481E273AF}.Release|Mixed Platforms.ActiveCfg = Release|x86
		{E9FF16E6-1009-448B-8822-774481E273AF}.Release|Mixed Platforms.Build.0 = Release|x86
		{E9FF16E6-1009-448B-8822-774481E273AF}.Release|x86.ActiveCfg = Release|x86
		{E9FF16E6-1009-448B-8822-774481E273AF}.Release|x86.Build.0 = Release|x86
	EndGlobalSection
	GlobalSection(SolutionProperties) = preSolution
		HideSolutionNode = FALSE
	EndGlobalSection
EndGlobal
